
Microsoft Visual Studio Solution File, Format Version 12.00
# Visual Studio Version 17
VisualStudioVersion = 17.8.34309.116
MinimumVisualStudioVersion = 10.0.40219.1
Project("{2150E333-8FDC-42A3-9474-1A3956D46DE8}") = "1-Apresentação", "1-Apresentação", "{18BF393A-60B1-47CA-8229-B03977EAFADD}"
EndProject
Project("{2150E333-8FDC-42A3-9474-1A3956D46DE8}") = "2-Negocio", "2-Negocio", "{EB69BBA5-5123-4E28-B9A1-752FE35F2D49}"
EndProject
Project("{2150E333-8FDC-42A3-9474-1A3956D46DE8}") = "3-Infra", "3-Infra", "{99B858F7-D967-41EC-A81B-DF9B94B2E67E}"
EndProject
Project("{2150E333-8FDC-42A3-9474-1A3956D46DE8}") = "4-Testes", "4-Testes", "{1700EC56-B5AB-4A08-9F52-986F1C2A1FD5}"
EndProject
Project("{9A19103F-16F7-4668-BE54-9A1E7A4F7556}") = "AionFlux.Mvc", "AionFlux.Mvc\AionFlux.Mvc.csproj", "{60E6BE0C-BB0C-454B-8136-15A9FB0BC8BD}"
	ProjectSection(ProjectDependencies) = postProject
		{2F2BD904-99A6-4672-8F69-866F8B45F4CF} = {2F2BD904-99A6-4672-8F69-866F8B45F4CF}
	EndProjectSection
EndProject
Project("{9A19103F-16F7-4668-BE54-9A1E7A4F7556}") = "PontoEletronico", "PontoEletronico\PontoEletronico.csproj", "{2F2BD904-99A6-4672-8F69-866F8B45F4CF}"
EndProject
Project("{9A19103F-16F7-4668-BE54-9A1E7A4F7556}") = "AionFlux.WebApi", "AionFlux.WebApi\AionFlux.WebApi.csproj", "{9CA031DC-AB69-4B07-8EF3-C1ECEC3F785F}"
EndProject
Project("{9A19103F-16F7-4668-BE54-9A1E7A4F7556}") = "AionFlux.DAO", "AionFlux.DAO\AionFlux.DAO.csproj", "{6B776BB1-582D-4FBB-BBB6-ACBA88D97522}"
EndProject
Project("{2150E333-8FDC-42A3-9474-1A3956D46DE8}") = "Autenticador", "Autenticador", "{4765AA55-8AEF-460F-8C3A-A1B24F4F6C45}"
EndProject
Project("{9A19103F-16F7-4668-BE54-9A1E7A4F7556}") = "Authentication.Service", "Autenticador\Authentication.Service\Authentication.Service.csproj", "{21FED5A2-06F2-474B-B3B9-A695228F9477}"
EndProject
Project("{9A19103F-16F7-4668-BE54-9A1E7A4F7556}") = "Authentication.Application", "Autenticador\Authentication.Application\Authentication.Application.csproj", "{38A72524-7BF0-4243-9B54-A5245DA04E69}"
EndProject
Project("{9A19103F-16F7-4668-BE54-9A1E7A4F7556}") = "Authentication.Domain", "Autenticador\Authentication.Domain\Authentication.Domain.csproj", "{5D3B5738-4595-4212-BB62-21F99EC9102C}"
EndProject
Project("{9A19103F-16F7-4668-BE54-9A1E7A4F7556}") = "Authentication.Infrastructure", "Autenticador\Authentication.Infrastructure\Authentication.Infrastructure.csproj", "{8FA565AB-6BD7-4874-9373-CB382DBFACB6}"
EndProject
Global
	GlobalSection(SolutionConfigurationPlatforms) = preSolution
		Debug|Any CPU = Debug|Any CPU
		Release|Any CPU = Release|Any CPU
	EndGlobalSection
	GlobalSection(ProjectConfigurationPlatforms) = postSolution
		{60E6BE0C-BB0C-454B-8136-15A9FB0BC8BD}.Debug|Any CPU.ActiveCfg = Debug|Any CPU
		{60E6BE0C-BB0C-454B-8136-15A9FB0BC8BD}.Debug|Any CPU.Build.0 = Debug|Any CPU
		{60E6BE0C-BB0C-454B-8136-15A9FB0BC8BD}.Release|Any CPU.ActiveCfg = Release|Any CPU
		{60E6BE0C-BB0C-454B-8136-15A9FB0BC8BD}.Release|Any CPU.Build.0 = Release|Any CPU
		{2F2BD904-99A6-4672-8F69-866F8B45F4CF}.Debug|Any CPU.ActiveCfg = Debug|Any CPU
		{2F2BD904-99A6-4672-8F69-866F8B45F4CF}.Debug|Any CPU.Build.0 = Debug|Any CPU
		{2F2BD904-99A6-4672-8F69-866F8B45F4CF}.Release|Any CPU.ActiveCfg = Release|Any CPU
		{2F2BD904-99A6-4672-8F69-866F8B45F4CF}.Release|Any CPU.Build.0 = Release|Any CPU
		{9CA031DC-AB69-4B07-8EF3-C1ECEC3F785F}.Debug|Any CPU.ActiveCfg = Debug|Any CPU
		{9CA031DC-AB69-4B07-8EF3-C1ECEC3F785F}.Debug|Any CPU.Build.0 = Debug|Any CPU
		{9CA031DC-AB69-4B07-8EF3-C1ECEC3F785F}.Release|Any CPU.ActiveCfg = Release|Any CPU
		{9CA031DC-AB69-4B07-8EF3-C1ECEC3F785F}.Release|Any CPU.Build.0 = Release|Any CPU
		{6B776BB1-582D-4FBB-BBB6-ACBA88D97522}.Debug|Any CPU.ActiveCfg = Debug|Any CPU
		{6B776BB1-582D-4FBB-BBB6-ACBA88D97522}.Debug|Any CPU.Build.0 = Debug|Any CPU
		{6B776BB1-582D-4FBB-BBB6-ACBA88D97522}.Release|Any CPU.ActiveCfg = Release|Any CPU
		{6B776BB1-582D-4FBB-BBB6-ACBA88D97522}.Release|Any CPU.Build.0 = Release|Any CPU
		{21FED5A2-06F2-474B-B3B9-A695228F9477}.Debug|Any CPU.ActiveCfg = Debug|Any CPU
		{21FED5A2-06F2-474B-B3B9-A695228F9477}.Debug|Any CPU.Build.0 = Debug|Any CPU
		{21FED5A2-06F2-474B-B3B9-A695228F9477}.Release|Any CPU.ActiveCfg = Release|Any CPU
		{21FED5A2-06F2-474B-B3B9-A695228F9477}.Release|Any CPU.Build.0 = Release|Any CPU
		{38A72524-7BF0-4243-9B54-A5245DA04E69}.Debug|Any CPU.ActiveCfg = Debug|Any CPU
		{38A72524-7BF0-4243-9B54-A5245DA04E69}.Debug|Any CPU.Build.0 = Debug|Any CPU
		{38A72524-7BF0-4243-9B54-A5245DA04E69}.Release|Any CPU.ActiveCfg = Release|Any CPU
		{38A72524-7BF0-4243-9B54-A5245DA04E69}.Release|Any CPU.Build.0 = Release|Any CPU
		{5D3B5738-4595-4212-BB62-21F99EC9102C}.Debug|Any CPU.ActiveCfg = Debug|Any CPU
		{5D3B5738-4595-4212-BB62-21F99EC9102C}.Debug|Any CPU.Build.0 = Debug|Any CPU
		{5D3B5738-4595-4212-BB62-21F99EC9102C}.Release|Any CPU.ActiveCfg = Release|Any CPU
		{5D3B5738-4595-4212-BB62-21F99EC9102C}.Release|Any CPU.Build.0 = Release|Any CPU
		{8FA565AB-6BD7-4874-9373-CB382DBFACB6}.Debug|Any CPU.ActiveCfg = Debug|Any CPU
		{8FA565AB-6BD7-4874-9373-CB382DBFACB6}.Debug|Any CPU.Build.0 = Debug|Any CPU
		{8FA565AB-6BD7-4874-9373-CB382DBFACB6}.Release|Any CPU.ActiveCfg = Release|Any CPU
		{8FA565AB-6BD7-4874-9373-CB382DBFACB6}.Release|Any CPU.Build.0 = Release|Any CPU
	EndGlobalSection
	GlobalSection(SolutionProperties) = preSolution
		HideSolutionNode = FALSE
	EndGlobalSection
	GlobalSection(NestedProjects) = preSolution
		{60E6BE0C-BB0C-454B-8136-15A9FB0BC8BD} = {18BF393A-60B1-47CA-8229-B03977EAFADD}
		{2F2BD904-99A6-4672-8F69-866F8B45F4CF} = {EB69BBA5-5123-4E28-B9A1-752FE35F2D49}
		{9CA031DC-AB69-4B07-8EF3-C1ECEC3F785F} = {18BF393A-60B1-47CA-8229-B03977EAFADD}
		{6B776BB1-582D-4FBB-BBB6-ACBA88D97522} = {99B858F7-D967-41EC-A81B-DF9B94B2E67E}
		{21FED5A2-06F2-474B-B3B9-A695228F9477} = {4765AA55-8AEF-460F-8C3A-A1B24F4F6C45}
		{38A72524-7BF0-4243-9B54-A5245DA04E69} = {4765AA55-8AEF-460F-8C3A-A1B24F4F6C45}
		{5D3B5738-4595-4212-BB62-21F99EC9102C} = {4765AA55-8AEF-460F-8C3A-A1B24F4F6C45}
		{8FA565AB-6BD7-4874-9373-CB382DBFACB6} = {4765AA55-8AEF-460F-8C3A-A1B24F4F6C45}
	EndGlobalSection
	GlobalSection(ExtensibilityGlobals) = postSolution
		SolutionGuid = {7E38CCE6-F678-4092-9C71-B993023600B6}
	EndGlobalSection
EndGlobal
